hash: 66a36d5ff01674ab78654921421de97c81993727ae7cf24880792d7e3e4ab369
updated: 2017-06-21T15:53:09.940129632+12:00
imports:
- name: github.com/go-yaml/yaml
  version: cd8b52f8269e0feb286dfeef29f8fe4d5b397e0b
- name: github.com/golang/protobuf
  version: c3cefd437628a0b7d31b34fe44b3a7a540e98527
  subpackages:
  - proto
- name: github.com/google/go-querystring
  version: 53e6ce116135b80d037921a7fdd5138cf32d7a8a
  subpackages:
  - query
- name: github.com/google/gopacket
  version: b83f94714c36e30ce851be1d5a0a5226f9f1bca4
- name: github.com/jessevdk/go-flags
  version: 48cf8722c3375517aba351d1f7577c40663a4407
- name: github.com/ryankurte/go-async-cmd
  version: 1f123adcbbbba2918ed7e0dca2728b89c472fc18
- name: github.com/ryankurte/go-mapbox
  version: f134225efee408ead854071bb225d4e861aa65d3
  subpackages:
  - lib
  - lib/base
  - lib/directions
  - lib/directions_matrix
  - lib/geocode
  - lib/map_matching
  - lib/maps
- name: github.com/ryankurte/go-rf
  version: 84b977ca469990cbfd7460a343befb20345bb10e
- name: github.com/zeromq/goczmq
  version: faef36c9feea28111fd413ea29ea99d80ef54e7b
- name: golang.org/x/sync
  version: f52d1811a62927559de87708c8913c1650ce4f26
  subpackages:
  - syncmap
- name: gopkg.in/ryankurte/go-async-cmd.v1
  version: 1f123adcbbbba2918ed7e0dca2728b89c472fc18
- name: gopkg.in/yaml.v2
  version: cd8b52f8269e0feb286dfeef29f8fe4d5b397e0b
testImports:
- name: github.com/davecgh/go-spew
  version: 6d212800a42e8ab5c146b8ace3490ee17e5225f9
  subpackages:
  - spew
- name: github.com/pmezard/go-difflib
  version: d8ed2627bdf02c080bf22230dbb337003b7aba2d
  subpackages:
  - difflib
- name: github.com/satori/go.uuid
  version: 879c5887cd475cd7864858769793b2ceb0d44feb
- name: github.com/stretchr/testify
  version: 69483b4bd14f5845b5a1e55bca19e954e827f1d0
  subpackages:
  - assert
