hash: 2c3416bd1c34d35191a3fc407747f263117c19f858c40dda3a86e3f8f6d4199b
updated: 2017-09-20T16:33:01.980941139+12:00
imports:
- name: github.com/go-yaml/yaml
  version: eb3733d160e74a9c7e442f435eb3bea458e1d19f
- name: github.com/golang/protobuf
  version: c3cefd437628a0b7d31b34fe44b3a7a540e98527
  subpackages:
  - proto
- name: github.com/google/go-querystring
  version: 53e6ce116135b80d037921a7fdd5138cf32d7a8a
  subpackages:
  - query
- name: github.com/google/gopacket
  version: 7d9ba85c47bb41298fed10f5769f793741de187f
- name: github.com/jessevdk/go-flags
  version: 96dc06278ce32a0e9d957d590bb987c81ee66407
- name: github.com/ryankurte/go-async-cmd
  version: 1f123adcbbbba2918ed7e0dca2728b89c472fc18
- name: github.com/ryankurte/go-mapbox
  version: f134225efee408ead854071bb225d4e861aa65d3
  subpackages:
  - lib
  - lib/base
  - lib/directions
  - lib/directions_matrix
  - lib/geocode
  - lib/map_matching
  - lib/maps
- name: github.com/ryankurte/go-pcapng
  version: 73fd1a63fab471e18d8a2908848a03731e43f0b6
  subpackages:
  - types
- name: github.com/ryankurte/go-rf
  version: 6b4af41475f63db39ce198e77fc8cb674ddb9ec9
- name: github.com/zeromq/goczmq
  version: faef36c9feea28111fd413ea29ea99d80ef54e7b
- name: golang.org/x/sync
  version: f52d1811a62927559de87708c8913c1650ce4f26
  subpackages:
  - syncmap
- name: github.com/ryankurte/go-async-cmd
  version: 1f123adcbbbba2918ed7e0dca2728b89c472fc18
- name: gopkg.in/yaml.v2
  version: cd8b52f8269e0feb286dfeef29f8fe4d5b397e0b
testImports:
- name: github.com/davecgh/go-spew
  version: 6d212800a42e8ab5c146b8ace3490ee17e5225f9
  subpackages:
  - spew
- name: github.com/pmezard/go-difflib
  version: d8ed2627bdf02c080bf22230dbb337003b7aba2d
  subpackages:
  - difflib
- name: github.com/satori/go.uuid
  version: 879c5887cd475cd7864858769793b2ceb0d44feb
- name: github.com/stretchr/testify
  version: 69483b4bd14f5845b5a1e55bca19e954e827f1d0
  subpackages:
  - assert
